
Microsoft Visual Studio Solution File, Format Version 12.00
# Visual Studio 15
VisualStudioVersion = 15.0.28307.136
MinimumVisualStudioVersion = 10.0.40219.1
Project("{9A19103F-16F7-4668-BE54-9A1E7A4F7556}") = "ForumManage", "ForumManage\ForumManage.csproj", "{7BFB599C-D71B-4541-B57E-0769920594E4}"
EndProject
Project("{9A19103F-16F7-4668-BE54-9A1E7A4F7556}") = "IdentityServer", "IdentityServer\IdentityServer.csproj", "{012C724E-85E0-497F-B02B-63FF1FD69E13}"
EndProject
Project("{9A19103F-16F7-4668-BE54-9A1E7A4F7556}") = "IdentityServerAspNetIdentity", "IdentityServerAspNetIdentity\IdentityServerAspNetIdentity.csproj", "{F62447C5-0E40-4079-A910-642D9C661685}"
EndProject
Global
	GlobalSection(SolutionConfigurationPlatforms) = preSolution
		Debug|Any CPU = Debug|Any CPU
		Release|Any CPU = Release|Any CPU
	EndGlobalSection
	GlobalSection(ProjectConfigurationPlatforms) = postSolution
		{7BFB599C-D71B-4541-B57E-0769920594E4}.Debug|Any CPU.ActiveCfg = Debug|Any CPU
		{7BFB599C-D71B-4541-B57E-0769920594E4}.Debug|Any CPU.Build.0 = Debug|Any CPU
		{7BFB599C-D71B-4541-B57E-0769920594E4}.Release|Any CPU.ActiveCfg = Release|Any CPU
		{7BFB599C-D71B-4541-B57E-0769920594E4}.Release|Any CPU.Build.0 = Release|Any CPU
		{012C724E-85E0-497F-B02B-63FF1FD69E13}.Debug|Any CPU.ActiveCfg = Debug|Any CPU
		{012C724E-85E0-497F-B02B-63FF1FD69E13}.Debug|Any CPU.Build.0 = Debug|Any CPU
		{012C724E-85E0-497F-B02B-63FF1FD69E13}.Release|Any CPU.ActiveCfg = Release|Any CPU
		{012C724E-85E0-497F-B02B-63FF1FD69E13}.Release|Any CPU.Build.0 = Release|Any CPU
		{F62447C5-0E40-4079-A910-642D9C661685}.Debug|Any CPU.ActiveCfg = Debug|Any CPU
		{F62447C5-0E40-4079-A910-642D9C661685}.Debug|Any CPU.Build.0 = Debug|Any CPU
		{F62447C5-0E40-4079-A910-642D9C661685}.Release|Any CPU.ActiveCfg = Release|Any CPU
		{F62447C5-0E40-4079-A910-642D9C661685}.Release|Any CPU.Build.0 = Release|Any CPU
	EndGlobalSection
	GlobalSection(SolutionProperties) = preSolution
		HideSolutionNode = FALSE
	EndGlobalSection
	GlobalSection(ExtensibilityGlobals) = postSolution
		SolutionGuid = {B825D119-4D24-4084-97FE-19449ACB3BC0}
	EndGlobalSection
EndGlobal
